
Microsoft Visual Studio Solution File, Format Version 12.00
# Visual Studio Version 17
VisualStudioVersion = 17.6.33829.357
MinimumVisualStudioVersion = 10.0.40219.1
Project("{FAE04EC0-301F-11D3-BF4B-00C04F79EFBC}") = "mko.Android", "mko\mko.Android\mko.Android.csproj", "{1CF72BB6-040B-43AC-90F7-63FEC47DB152}"
EndProject
Project("{FAE04EC0-301F-11D3-BF4B-00C04F79EFBC}") = "mko", "mko\mko\mko.csproj", "{FB02D905-C9B6-41BC-A33C-3B2D8A07F5EC}"
EndProject
Global
	GlobalSection(SolutionConfigurationPlatforms) = preSolution
		Debug|Any CPU = Debug|Any CPU
		Release|Any CPU = Release|Any CPU
	EndGlobalSection
	GlobalSection(ProjectConfigurationPlatforms) = postSolution
		{1CF72BB6-040B-43AC-90F7-63FEC47DB152}.Debug|Any CPU.ActiveCfg = Debug|Any CPU
		{1CF72BB6-040B-43AC-90F7-63FEC47DB152}.Debug|Any CPU.Build.0 = Debug|Any CPU
		{1CF72BB6-040B-43AC-90F7-63FEC47DB152}.Debug|Any CPU.Deploy.0 = Debug|Any CPU
		{1CF72BB6-040B-43AC-90F7-63FEC47DB152}.Release|Any CPU.ActiveCfg = Release|Any CPU
		{1CF72BB6-040B-43AC-90F7-63FEC47DB152}.Release|Any CPU.Build.0 = Release|Any CPU
		{1CF72BB6-040B-43AC-90F7-63FEC47DB152}.Release|Any CPU.Deploy.0 = Release|Any CPU
		{FB02D905-C9B6-41BC-A33C-3B2D8A07F5EC}.Debug|Any CPU.ActiveCfg = Debug|Any CPU
		{FB02D905-C9B6-41BC-A33C-3B2D8A07F5EC}.Debug|Any CPU.Build.0 = Debug|Any CPU
		{FB02D905-C9B6-41BC-A33C-3B2D8A07F5EC}.Debug|Any CPU.Deploy.0 = Debug|Any CPU
		{FB02D905-C9B6-41BC-A33C-3B2D8A07F5EC}.Release|Any CPU.ActiveCfg = Release|Any CPU
		{FB02D905-C9B6-41BC-A33C-3B2D8A07F5EC}.Release|Any CPU.Build.0 = Release|Any CPU
		{FB02D905-C9B6-41BC-A33C-3B2D8A07F5EC}.Release|Any CPU.Deploy.0 = Release|Any CPU
	EndGlobalSection
	GlobalSection(SolutionProperties) = preSolution
		HideSolutionNode = FALSE
	EndGlobalSection
	GlobalSection(ExtensibilityGlobals) = postSolution
		SolutionGuid = {8C5B01C5-8100-4924-AF67-CAFFF98B71E7}
	EndGlobalSection
EndGlobal
